{
  "requires": true,
  "lockfileVersion": 1,
  "dependencies": {
    "vue-cli-plugin-element-plus": {
      "version": "0.0.13",
      "resolved": "https://registry.npm.taobao.org/vue-cli-plugin-element-plus/download/vue-cli-plugin-element-plus-0.0.13.tgz",
      "integrity": "sha1-2oKXdjc6rUJp/CO1e7OqBDvGd0Q="
    }
  }
}
